
Microsoft Visual Studio Solution File, Format Version 12.00
# Visual Studio Version 16
VisualStudioVersion = 16.0.30011.22
MinimumVisualStudioVersion = 10.0.40219.1
Project("{FAE04EC0-301F-11D3-BF4B-00C04F79EFBC}") = "WebApplication1", "WebApplication1\WebApplication1.csproj", "{33031B3B-08FF-425C-B3A5-7446064CBE68}"
EndProject
Global
	GlobalSection(SolutionConfigurationPlatforms) = preSolution
		Debug|Any CPU = Debug|Any CPU
		Release|Any CPU = Release|Any CPU
	EndGlobalSection
	GlobalSection(ProjectConfigurationPlatforms) = postSolution
		{33031B3B-08FF-425C-B3A5-7446064CBE68}.Debug|Any CPU.ActiveCfg = Debug|Any CPU
		{33031B3B-08FF-425C-B3A5-7446064CBE68}.Debug|Any CPU.Build.0 = Debug|Any CPU
		{33031B3B-08FF-425C-B3A5-7446064CBE68}.Release|Any CPU.ActiveCfg = Release|Any CPU
		{33031B3B-08FF-425C-B3A5-7446064CBE68}.Release|Any CPU.Build.0 = Release|Any CPU
	EndGlobalSection
	GlobalSection(SolutionProperties) = preSolution
		HideSolutionNode = FALSE
	EndGlobalSection
	GlobalSection(ExtensibilityGlobals) = postSolution
		SolutionGuid = {EF8C367D-4538-4D17-922F-5725B9509017}
	EndGlobalSection
EndGlobal
